{
  "name": "binary",
  "lockfileVersion": 2,
  "requires": true,
  "packages": {
    "": {
      "dependencies": {
        "javascript-binary-converter": "^1.0.2"
      }
    },
    "node_modules/javascript-binary-converter": {
      "version": "1.0.2",
      "resolved": "https://registry.npmjs.org/javascript-binary-converter/-/javascript-binary-converter-1.0.2.tgz",
      "integrity": "sha512-89maGd6dHeZGqLPfVncA4isJJViluwKpLEkX4TbukHO1c1U/wGtmg7ACsBkIFWTR7DZOXEhQfpjWCpjJ9WY2vw=="
    }
  },
  "dependencies": {
    "javascript-binary-converter": {
      "version": "1.0.2",
      "resolved": "https://registry.npmjs.org/javascript-binary-converter/-/javascript-binary-converter-1.0.2.tgz",
      "integrity": "sha512-89maGd6dHeZGqLPfVncA4isJJViluwKpLEkX4TbukHO1c1U/wGtmg7ACsBkIFWTR7DZOXEhQfpjWCpjJ9WY2vw=="
    }
  }
}
